
Microsoft Visual Studio Solution File, Format Version 12.00
# Visual Studio Version 17
VisualStudioVersion = 17.10.35013.160
MinimumVisualStudioVersion = 10.0.40219.1
Project("{FAE04EC0-301F-11D3-BF4B-00C04F79EFBC}") = "Practice App", "Practice App\Practice App.csproj", "{182D675C-1E36-41F6-A3A4-B3CAB768A38F}"
EndProject
Global
	GlobalSection(SolutionConfigurationPlatforms) = preSolution
		Debug|Any CPU = Debug|Any CPU
		Release|Any CPU = Release|Any CPU
	EndGlobalSection
	GlobalSection(ProjectConfigurationPlatforms) = postSolution
		{182D675C-1E36-41F6-A3A4-B3CAB768A38F}.Debug|Any CPU.ActiveCfg = Debug|Any CPU
		{182D675C-1E36-41F6-A3A4-B3CAB768A38F}.Debug|Any CPU.Build.0 = Debug|Any CPU
		{182D675C-1E36-41F6-A3A4-B3CAB768A38F}.Release|Any CPU.ActiveCfg = Release|Any CPU
		{182D675C-1E36-41F6-A3A4-B3CAB768A38F}.Release|Any CPU.Build.0 = Release|Any CPU
	EndGlobalSection
	GlobalSection(SolutionProperties) = preSolution
		HideSolutionNode = FALSE
	EndGlobalSection
	GlobalSection(ExtensibilityGlobals) = postSolution
		SolutionGuid = {85C6CC0C-D996-4FD5-B408-00A5CC5061FB}
	EndGlobalSection
EndGlobal
